
Microsoft Visual Studio Solution File, Format Version 12.00
# Visual Studio Version 16
VisualStudioVersion = 16.0.31424.327
MinimumVisualStudioVersion = 10.0.40219.1
Project("{FAE04EC0-301F-11D3-BF4B-00C04F79EFBC}") = "KanbanBoardWPF", "KanbanBoardWPF\KanbanBoardWPF.csproj", "{ED2B5BF6-E615-4EDF-895F-602FC394AF1B}"
EndProject
Global
	GlobalSection(SolutionConfigurationPlatforms) = preSolution
		Debug|Any CPU = Debug|Any CPU
		Release|Any CPU = Release|Any CPU
	EndGlobalSection
	GlobalSection(ProjectConfigurationPlatforms) = postSolution
		{ED2B5BF6-E615-4EDF-895F-602FC394AF1B}.Debug|Any CPU.ActiveCfg = Debug|Any CPU
		{ED2B5BF6-E615-4EDF-895F-602FC394AF1B}.Debug|Any CPU.Build.0 = Debug|Any CPU
		{ED2B5BF6-E615-4EDF-895F-602FC394AF1B}.Release|Any CPU.ActiveCfg = Release|Any CPU
		{ED2B5BF6-E615-4EDF-895F-602FC394AF1B}.Release|Any CPU.Build.0 = Release|Any CPU
	EndGlobalSection
	GlobalSection(SolutionProperties) = preSolution
		HideSolutionNode = FALSE
	EndGlobalSection
	GlobalSection(ExtensibilityGlobals) = postSolution
		SolutionGuid = {7C3E9090-880B-48CE-8723-C0CB7CDDAE6E}
	EndGlobalSection
EndGlobal
